// !$*UTF8*$!
{
	archiveVersion = 1;
	classes = {
	};
	objectVersion = 50;
	objects = {

/* Begin PBXBuildFile section */
		F149DA582111635B00069317 /* NSLayoutConstraint+MASDebugAdditions.m in Sources */ = {isa = PBXBuildFile; fileRef = F149DA402111635B00069317 /* NSLayoutConstraint+MASDebugAdditions.m */; };
		F149DA592111635B00069317 /* ViewController+MASAdditions.m in Sources */ = {isa = PBXBuildFile; fileRef = F149DA492111635B00069317 /* ViewController+MASAdditions.m */; };
		F149DA5A2111635B00069317 /* MASCompositeConstraint.m in Sources */ = {isa = PBXBuildFile; fileRef = F149DA4D2111635B00069317 /* MASCompositeConstraint.m */; };
		F149DA5B2111635B00069317 /* MASConstraintMaker.m in Sources */ = {isa = PBXBuildFile; fileRef = F149DA4E2111635B00069317 /* MASConstraintMaker.m */; };
		F149DA5C2111635B00069317 /* MASLayoutConstraint.m in Sources */ = {isa = PBXBuildFile; fileRef = F149DA4F2111635B00069317 /* MASLayoutConstraint.m */; };
		F149DA5D2111635B00069317 /* NSArray+MASAdditions.m in Sources */ = {isa = PBXBuildFile; fileRef = F149DA502111635B00069317 /* NSArray+MASAdditions.m */; };
		F149DA5E2111635B00069317 /* View+MASAdditions.m in Sources */ = {isa = PBXBuildFile; fileRef = F149DA512111635B00069317 /* View+MASAdditions.m */; };
		F149DA5F2111635B00069317 /* MASConstraint.m in Sources */ = {isa = PBXBuildFile; fileRef = F149DA542111635B00069317 /* MASConstraint.m */; };
		F149DA602111635B00069317 /* MASViewConstraint.m in Sources */ = {isa = PBXBuildFile; fileRef = F149DA562111635B00069317 /* MASViewConstraint.m */; };
		F149DA612111635B00069317 /* MASViewAttribute.m in Sources */ = {isa = PBXBuildFile; fileRef = F149DA572111635B00069317 /* MASViewAttribute.m */; };
		F1DBB95A21114BBA001148BB /* AppDelegate.m in Sources */ = {isa = PBXBuildFile; fileRef = F1DBB95921114BBA001148BB /* AppDelegate.m */; };
		F1DBB95D21114BBA001148BB /* ViewController.m in Sources */ = {isa = PBXBuildFile; fileRef = F1DBB95C21114BBA001148BB /* ViewController.m */; };
		F1DBB96021114BBA001148BB /* Main.storyboard in Resources */ = {isa = PBXBuildFile; fileRef = F1DBB95E21114BBA001148BB /* Main.storyboard */; };
		F1DBB96321114BBA001148BB /* iosConfusionTest.xcdatamodeld in Sources */ = {isa = PBXBuildFile; fileRef = F1DBB96121114BBA001148BB /* iosConfusionTest.xcdatamodeld */; };
		F1DBB96521114BBE001148BB /* Assets.xcassets in Resources */ = {isa = PBXBuildFile; fileRef = F1DBB96421114BBE001148BB /* Assets.xcassets */; };
		F1DBB96821114BBE001148BB /* LaunchScreen.storyboard in Resources */ = {isa = PBXBuildFile; fileRef = F1DBB96621114BBE001148BB /* LaunchScreen.storyboard */; };
		F1DBB96B21114BBE001148BB /* main.m in Sources */ = {isa = PBXBuildFile; fileRef = F1DBB96A21114BBE001148BB /* main.m */; };
		F1DBB9972111559D001148BB /* MM_TestViewController.m in Sources */ = {isa = PBXBuildFile; fileRef = F1DBB9952111559D001148BB /* MM_TestViewController.m */; };
		F1DBB9982111559D001148BB /* MM_TestViewController.xib in Resources */ = {isa = PBXBuildFile; fileRef = F1DBB9962111559D001148BB /* MM_TestViewController.xib */; };
/* End PBXBuildFile section */

/* Begin PBXFileReference section */
		F149DA3F2111635B00069317 /* MASCompositeConstraint.h */ = {isa = PBXFileReference; fileEncoding = 4; lastKnownFileType = sourcecode.c.h; path = MASCompositeConstraint.h; sourceTree = "<group>"; };
		F149DA402111635B00069317 /* NSLayoutConstraint+MASDebugAdditions.m */ = {isa = PBXFileReference; fileEncoding = 4; lastKnownFileType = sourcecode.c.objc; path = "NSLayoutConstraint+MASDebugAdditions.m"; sourceTree = "<group>"; };
		F149DA412111635B00069317 /* MASConstraint+Private.h */ = {isa = PBXFileReference; fileEncoding = 4; lastKnownFileType = sourcecode.c.h; path = "MASConstraint+Private.h"; sourceTree = "<group>"; };
		F149DA422111635B00069317 /* MASLayoutConstraint.h */ = {isa = PBXFileReference; fileEncoding = 4; lastKnownFileType = sourcecode.c.h; path = MASLayoutConstraint.h; sourceTree = "<group>"; };
		F149DA432111635B00069317 /* NSArray+MASShorthandAdditions.h */ = {isa = PBXFileReference; fileEncoding = 4; lastKnownFileType = sourcecode.c.h; path = "NSArray+MASShorthandAdditions.h"; sourceTree = "<group>"; };
		F149DA442111635B00069317 /* MASConstraintMaker.h */ = {isa = PBXFileReference; fileEncoding = 4; lastKnownFileType = sourcecode.c.h; path = MASConstraintMaker.h; sourceTree = "<group>"; };
		F149DA452111635B00069317 /* View+MASAdditions.h */ = {isa = PBXFileReference; fileEncoding = 4; lastKnownFileType = sourcecode.c.h; path = "View+MASAdditions.h"; sourceTree = "<group>"; };
		F149DA462111635B00069317 /* NSArray+MASAdditions.h */ = {isa = PBXFileReference; fileEncoding = 4; lastKnownFileType = sourcecode.c.h; path = "NSArray+MASAdditions.h"; sourceTree = "<group>"; };
		F149DA472111635B00069317 /* MASUtilities.h */ = {isa = PBXFileReference; fileEncoding = 4; lastKnownFileType = sourcecode.c.h; path = MASUtilities.h; sourceTree = "<group>"; };
		F149DA482111635B00069317 /* MASViewAttribute.h */ = {isa = PBXFileReference; fileEncoding = 4; lastKnownFileType = sourcecode.c.h; path = MASViewAttribute.h; sourceTree = "<group>"; };
		F149DA492111635B00069317 /* ViewController+MASAdditions.m */ = {isa = PBXFileReference; fileEncoding = 4; lastKnownFileType = sourcecode.c.objc; path = "ViewController+MASAdditions.m"; sourceTree = "<group>"; };
		F149DA4A2111635B00069317 /* MASViewConstraint.h */ = {isa = PBXFileReference; fileEncoding = 4; lastKnownFileType = sourcecode.c.h; path = MASViewConstraint.h; sourceTree = "<group>"; };
		F149DA4B2111635B00069317 /* MASConstraint.h */ = {isa = PBXFileReference; fileEncoding = 4; lastKnownFileType = sourcecode.c.h; path = MASConstraint.h; sourceTree = "<group>"; };
		F149DA4C2111635B00069317 /* NSLayoutConstraint+MASDebugAdditions.h */ = {isa = PBXFileReference; fileEncoding = 4; lastKnownFileType = sourcecode.c.h; path = "NSLayoutConstraint+MASDebugAdditions.h"; sourceTree = "<group>"; };
		F149DA4D2111635B00069317 /* MASCompositeConstraint.m */ = {isa = PBXFileReference; fileEncoding = 4; lastKnownFileType = sourcecode.c.objc; path = MASCompositeConstraint.m; sourceTree = "<group>"; };
		F149DA4E2111635B00069317 /* MASConstraintMaker.m */ = {isa = PBXFileReference; fileEncoding = 4; lastKnownFileType = sourcecode.c.objc; path = MASConstraintMaker.m; sourceTree = "<group>"; };
		F149DA4F2111635B00069317 /* MASLayoutConstraint.m */ = {isa = PBXFileReference; fileEncoding = 4; lastKnownFileType = sourcecode.c.objc; path = MASLayoutConstraint.m; sourceTree = "<group>"; };
		F149DA502111635B00069317 /* NSArray+MASAdditions.m */ = {isa = PBXFileReference; fileEncoding = 4; lastKnownFileType = sourcecode.c.objc; path = "NSArray+MASAdditions.m"; sourceTree = "<group>"; };
		F149DA512111635B00069317 /* View+MASAdditions.m */ = {isa = PBXFileReference; fileEncoding = 4; lastKnownFileType = sourcecode.c.objc; path = "View+MASAdditions.m"; sourceTree = "<group>"; };
		F149DA522111635B00069317 /* View+MASShorthandAdditions.h */ = {isa = PBXFileReference; fileEncoding = 4; lastKnownFileType = sourcecode.c.h; path = "View+MASShorthandAdditions.h"; sourceTree = "<group>"; };
		F149DA532111635B00069317 /* Masonry.h */ = {isa = PBXFileReference; fileEncoding = 4; lastKnownFileType = sourcecode.c.h; path = Masonry.h; sourceTree = "<group>"; };
		F149DA542111635B00069317 /* MASConstraint.m */ = {isa = PBXFileReference; fileEncoding = 4; lastKnownFileType = sourcecode.c.objc; path = MASConstraint.m; sourceTree = "<group>"; };
		F149DA552111635B00069317 /* ViewController+MASAdditions.h */ = {isa = PBXFileReference; fileEncoding = 4; lastKnownFileType = sourcecode.c.h; path = "ViewController+MASAdditions.h"; sourceTree = "<group>"; };
		F149DA562111635B00069317 /* MASViewConstraint.m */ = {isa = PBXFileReference; fileEncoding = 4; lastKnownFileType = sourcecode.c.objc; path = MASViewConstraint.m; sourceTree = "<group>"; };
		F149DA572111635B00069317 /* MASViewAttribute.m */ = {isa = PBXFileReference; fileEncoding = 4; lastKnownFileType = sourcecode.c.objc; path = MASViewAttribute.m; sourceTree = "<group>"; };
		F1DBB95521114BBA001148BB /* iosConfusionTest.app */ = {isa = PBXFileReference; explicitFileType = wrapper.application; includeInIndex = 0; path = iosConfusionTest.app; sourceTree = BUILT_PRODUCTS_DIR; };
		F1DBB95821114BBA001148BB /* AppDelegate.h */ = {isa = PBXFileReference; lastKnownFileType = sourcecode.c.h; path = AppDelegate.h; sourceTree = "<group>"; };
		F1DBB95921114BBA001148BB /* AppDelegate.m */ = {isa = PBXFileReference; lastKnownFileType = sourcecode.c.objc; path = AppDelegate.m; sourceTree = "<group>"; };
		F1DBB95B21114BBA001148BB /* ViewController.h */ = {isa = PBXFileReference; lastKnownFileType = sourcecode.c.h; path = ViewController.h; sourceTree = "<group>"; };
		F1DBB95C21114BBA001148BB /* ViewController.m */ = {isa = PBXFileReference; lastKnownFileType = sourcecode.c.objc; path = ViewController.m; sourceTree = "<group>"; };
		F1DBB95F21114BBA001148BB /* Base */ = {isa = PBXFileReference; lastKnownFileType = file.storyboard; name = Base; path = Base.lproj/Main.storyboard; sourceTree = "<group>"; };
		F1DBB96221114BBA001148BB /* iosConfusionTest.xcdatamodel */ = {isa = PBXFileReference; lastKnownFileType = wrapper.xcdatamodel; path = iosConfusionTest.xcdatamodel; sourceTree = "<group>"; };
		F1DBB96421114BBE001148BB /* Assets.xcassets */ = {isa = PBXFileReference; lastKnownFileType = folder.assetcatalog; path = Assets.xcassets; sourceTree = "<group>"; };
		F1DBB96721114BBE001148BB /* Base */ = {isa = PBXFileReference; lastKnownFileType = file.storyboard; name = Base; path = Base.lproj/LaunchScreen.storyboard; sourceTree = "<group>"; };
		F1DBB96921114BBE001148BB /* Info.plist */ = {isa = PBXFileReference; lastKnownFileType = text.plist.xml; path = Info.plist; sourceTree = "<group>"; };
		F1DBB96A21114BBE001148BB /* main.m */ = {isa = PBXFileReference; lastKnownFileType = sourcecode.c.objc; path = main.m; sourceTree = "<group>"; };
		F1DBB9942111559D001148BB /* MM_TestViewController.h */ = {isa = PBXFileReference; lastKnownFileType = sourcecode.c.h; path = MM_TestViewController.h; sourceTree = "<group>"; };
		F1DBB9952111559D001148BB /* MM_TestViewController.m */ = {isa = PBXFileReference; lastKnownFileType = sourcecode.c.objc; path = MM_TestViewController.m; sourceTree = "<group>"; };
		F1DBB9962111559D001148BB /* MM_TestViewController.xib */ = {isa = PBXFileReference; lastKnownFileType = file.xib; path = MM_TestViewController.xib; sourceTree = "<group>"; };
/* End PBXFileReference section */

/* Begin PBXFrameworksBuildPhase section */
		F1DBB95221114BBA001148BB /* Frameworks */ = {
			isa = PBXFrameworksBuildPhase;
			buildActionMask = 2147483647;
			files = (
			);
			runOnlyForDeploymentPostprocessing = 0;
		};
/* End PBXFrameworksBuildPhase section */

/* Begin PBXGroup section */
		F149DA3E2111635B00069317 /* Masonry */ = {
			isa = PBXGroup;
			children = (
				F149DA3F2111635B00069317 /* MASCompositeConstraint.h */,
				F149DA402111635B00069317 /* NSLayoutConstraint+MASDebugAdditions.m */,
				F149DA412111635B00069317 /* MASConstraint+Private.h */,
				F149DA422111635B00069317 /* MASLayoutConstraint.h */,
				F149DA432111635B00069317 /* NSArray+MASShorthandAdditions.h */,
				F149DA442111635B00069317 /* MASConstraintMaker.h */,
				F149DA452111635B00069317 /* View+MASAdditions.h */,
				F149DA462111635B00069317 /* NSArray+MASAdditions.h */,
				F149DA472111635B00069317 /* MASUtilities.h */,
				F149DA482111635B00069317 /* MASViewAttribute.h */,
				F149DA492111635B00069317 /* ViewController+MASAdditions.m */,
				F149DA4A2111635B00069317 /* MASViewConstraint.h */,
				F149DA4B2111635B00069317 /* MASConstraint.h */,
				F149DA4C2111635B00069317 /* NSLayoutConstraint+MASDebugAdditions.h */,
				F149DA4D2111635B00069317 /* MASCompositeConstraint.m */,
				F149DA4E2111635B00069317 /* MASConstraintMaker.m */,
				F149DA4F2111635B00069317 /* MASLayoutConstraint.m */,
				F149DA502111635B00069317 /* NSArray+MASAdditions.m */,
				F149DA512111635B00069317 /* View+MASAdditions.m */,
				F149DA522111635B00069317 /* View+MASShorthandAdditions.h */,
				F149DA532111635B00069317 /* Masonry.h */,
				F149DA542111635B00069317 /* MASConstraint.m */,
				F149DA552111635B00069317 /* ViewController+MASAdditions.h */,
				F149DA562111635B00069317 /* MASViewConstraint.m */,
				F149DA572111635B00069317 /* MASViewAttribute.m */,
			);
			path = Masonry;
			sourceTree = "<group>";
		};
		F1DBB94C21114BBA001148BB = {
			isa = PBXGroup;
			children = (
				F1DBB95721114BBA001148BB /* iosConfusionTest */,
				F1DBB95621114BBA001148BB /* Products */,
			);
			sourceTree = "<group>";
		};
		F1DBB95621114BBA001148BB /* Products */ = {
			isa = PBXGroup;
			children = (
				F1DBB95521114BBA001148BB /* iosConfusionTest.app */,
			);
			name = Products;
			sourceTree = "<group>";
		};
		F1DBB95721114BBA001148BB /* iosConfusionTest */ = {
			isa = PBXGroup;
			children = (
				F149DA3E2111635B00069317 /* Masonry */,
				F1DBB9942111559D001148BB /* MM_TestViewController.h */,
				F1DBB9952111559D001148BB /* MM_TestViewController.m */,
				F1DBB9962111559D001148BB /* MM_TestViewController.xib */,
				F1DBB95821114BBA001148BB /* AppDelegate.h */,
				F1DBB95921114BBA001148BB /* AppDelegate.m */,
				F1DBB95B21114BBA001148BB /* ViewController.h */,
				F1DBB95C21114BBA001148BB /* ViewController.m */,
				F1DBB95E21114BBA001148BB /* Main.storyboard */,
				F1DBB96421114BBE001148BB /* Assets.xcassets */,
				F1DBB96621114BBE001148BB /* LaunchScreen.storyboard */,
				F1DBB96921114BBE001148BB /* Info.plist */,
				F1DBB96A21114BBE001148BB /* main.m */,
				F1DBB96121114BBA001148BB /* iosConfusionTest.xcdatamodeld */,
			);
			path = iosConfusionTest;
			sourceTree = "<group>";
		};
/* End PBXGroup section */

/* Begin PBXNativeTarget section */
		F1DBB95421114BBA001148BB /* iosConfusionTest */ = {
			isa = PBXNativeTarget;
			buildConfigurationList = F1DBB96E21114BBE001148BB /* Build configuration list for PBXNativeTarget "iosConfusionTest" */;
			buildPhases = (
				F1DBB95121114BBA001148BB /* Sources */,
				F1DBB95221114BBA001148BB /* Frameworks */,
				F1DBB95321114BBA001148BB /* Resources */,
			);
			buildRules = (
			);
			dependencies = (
			);
			name = iosConfusionTest;
			productName = iosConfusionTest;
			productReference = F1DBB95521114BBA001148BB /* iosConfusionTest.app */;
			productType = "com.apple.product-type.application";
		};
/* End PBXNativeTarget section */

/* Begin PBXProject section */
		F1DBB94D21114BBA001148BB /* Project object */ = {
			isa = PBXProject;
			attributes = {
				LastUpgradeCheck = 0940;
				ORGANIZATIONNAME = chenchengguo;
				TargetAttributes = {
					F1DBB95421114BBA001148BB = {
						CreatedOnToolsVersion = 9.4.1;
					};
				};
			};
			buildConfigurationList = F1DBB95021114BBA001148BB /* Build configuration list for PBXProject "iosConfusionTest" */;
			compatibilityVersion = "Xcode 9.3";
			developmentRegion = en;
			hasScannedForEncodings = 0;
			knownRegions = (
				en,
				Base,
			);
			mainGroup = F1DBB94C21114BBA001148BB;
			productRefGroup = F1DBB95621114BBA001148BB /* Products */;
			projectDirPath = "";
			projectRoot = "";
			targets = (
				F1DBB95421114BBA001148BB /* iosConfusionTest */,
			);
		};
/* End PBXProject section */

/* Begin PBXResourcesBuildPhase section */
		F1DBB95321114BBA001148BB /* Resources */ = {
			isa = PBXResourcesBuildPhase;
			buildActionMask = 2147483647;
			files = (
				F1DBB96821114BBE001148BB /* LaunchScreen.storyboard in Resources */,
				F1DBB96521114BBE001148BB /* Assets.xcassets in Resources */,
				F1DBB9982111559D001148BB /* MM_TestViewController.xib in Resources */,
				F1DBB96021114BBA001148BB /* Main.storyboard in Resources */,
			);
			runOnlyForDeploymentPostprocessing = 0;
		};
/* End PBXResourcesBuildPhase section */

/* Begin PBXSourcesBuildPhase section */
		F1DBB95121114BBA001148BB /* Sources */ = {
			isa = PBXSourcesBuildPhase;
			buildActionMask = 2147483647;
			files = (
				F1DBB9972111559D001148BB /* MM_TestViewController.m in Sources */,
				F1DBB95D21114BBA001148BB /* ViewController.m in Sources */,
				F149DA5C2111635B00069317 /* MASLayoutConstraint.m in Sources */,
				F1DBB95A21114BBA001148BB /* AppDelegate.m in Sources */,
				F1DBB96B21114BBE001148BB /* main.m in Sources */,
				F149DA612111635B00069317 /* MASViewAttribute.m in Sources */,
				F149DA5D2111635B00069317 /* NSArray+MASAdditions.m in Sources */,
				F149DA5A2111635B00069317 /* MASCompositeConstraint.m in Sources */,
				F149DA5B2111635B00069317 /* MASConstraintMaker.m in Sources */,
				F149DA5E2111635B00069317 /* View+MASAdditions.m in Sources */,
				F149DA592111635B00069317 /* ViewController+MASAdditions.m in Sources */,
				F1DBB96321114BBA001148BB /* iosConfusionTest.xcdatamodeld in Sources */,
				F149DA602111635B00069317 /* MASViewConstraint.m in Sources */,
				F149DA582111635B00069317 /* NSLayoutConstraint+MASDebugAdditions.m in Sources */,
				F149DA5F2111635B00069317 /* MASConstraint.m in Sources */,
			);
			runOnlyForDeploymentPostprocessing = 0;
		};
/* End PBXSourcesBuildPhase section */

/* Begin PBXVariantGroup section */
		F1DBB95E21114BBA001148BB /* Main.storyboard */ = {
			isa = PBXVariantGroup;
			children = (
				F1DBB95F21114BBA001148BB /* Base */,
			);
			name = Main.storyboard;
			sourceTree = "<group>";
		};
		F1DBB96621114BBE001148BB /* LaunchScreen.storyboard */ = {
			isa = PBXVariantGroup;
			children = (
				F1DBB96721114BBE001148BB /* Base */,
			);
			name = LaunchScreen.storyboard;
			sourceTree = "<group>";
		};
/* End PBXVariantGroup section */

/* Begin XCBuildConfiguration section */
		F1DBB96C21114BBE001148BB /* Debug */ = {
			isa = XCBuildConfiguration;
			buildSettings = {
				ALWAYS_SEARCH_USER_PATHS = NO;
				CLANG_ANALYZER_NONNULL = YES;
				CLANG_ANALYZER_NUMBER_OBJECT_CONVERSION = YES_AGGRESSIVE;
				CLANG_CXX_LANGUAGE_STANDARD = "gnu++14";
				CLANG_CXX_LIBRARY = "libc++";
				CLANG_ENABLE_MODULES = YES;
				CLANG_ENABLE_OBJC_ARC = YES;
				CLANG_ENABLE_OBJC_WEAK = YES;
				CLANG_WARN_BLOCK_CAPTURE_AUTORELEASING = YES;
				CLANG_WARN_BOOL_CONVERSION = YES;
				CLANG_WARN_COMMA = YES;
				CLANG_WARN_CONSTANT_CONVERSION = YES;
				CLANG_WARN_DEPRECATED_OBJC_IMPLEMENTATIONS = YES;
				CLANG_WARN_DIRECT_OBJC_ISA_USAGE = YES_ERROR;
				CLANG_WARN_DOCUMENTATION_COMMENTS = YES;
				CLANG_WARN_EMPTY_BODY = YES;
				CLANG_WARN_ENUM_CONVERSION = YES;
				CLANG_WARN_INFINITE_RECURSION = YES;
				CLANG_WARN_INT_CONVERSION = YES;
				CLANG_WARN_NON_LITERAL_NULL_CONVERSION = YES;
				CLANG_WARN_OBJC_IMPLICIT_RETAIN_SELF = YES;
				CLANG_WARN_OBJC_LITERAL_CONVERSION = YES;
				CLANG_WARN_OBJC_ROOT_CLASS = YES_ERROR;
				CLANG_WARN_RANGE_LOOP_ANALYSIS = YES;
				CLANG_WARN_STRICT_PROTOTYPES = YES;
				CLANG_WARN_SUSPICIOUS_MOVE = YES;
				CLANG_WARN_UNGUARDED_AVAILABILITY = YES_AGGRESSIVE;
				CLANG_WARN_UNREACHABLE_CODE = YES;
				CLANG_WARN__DUPLICATE_METHOD_MATCH = YES;
				CODE_SIGN_IDENTITY = "iPhone Developer";
				COPY_PHASE_STRIP = NO;
				DEBUG_INFORMATION_FORMAT = dwarf;
				ENABLE_STRICT_OBJC_MSGSEND = YES;
				ENABLE_TESTABILITY = YES;
				GCC_C_LANGUAGE_STANDARD = gnu11;
				GCC_DYNAMIC_NO_PIC = NO;
				GCC_NO_COMMON_BLOCKS = YES;
				GCC_OPTIMIZATION_LEVEL = 0;
				GCC_PREPROCESSOR_DEFINITIONS = (
					"DEBUG=1",
					"$(inherited)",
				);
				GCC_WARN_64_TO_32_BIT_CONVERSION = YES;
				GCC_WARN_ABOUT_RETURN_TYPE = YES_ERROR;
				GCC_WARN_UNDECLARED_SELECTOR = YES;
				GCC_WARN_UNINITIALIZED_AUTOS = YES_AGGRESSIVE;
				GCC_WARN_UNUSED_FUNCTION = YES;
				GCC_WARN_UNUSED_VARIABLE = YES;
				IPHONEOS_DEPLOYMENT_TARGET = 11.4;
				MTL_ENABLE_DEBUG_INFO = YES;
				ONLY_ACTIVE_ARCH = YES;
				SDKROOT = iphoneos;
			};
			name = Debug;
		};
		F1DBB96D21114BBE001148BB /* Release */ = {
			isa = XCBuildConfiguration;
			buildSettings = {
				ALWAYS_SEARCH_USER_PATHS = NO;
				CLANG_ANALYZER_NONNULL = YES;
				CLANG_ANALYZER_NUMBER_OBJECT_CONVERSION = YES_AGGRESSIVE;
				CLANG_CXX_LANGUAGE_STANDARD = "gnu++14";
				CLANG_CXX_LIBRARY = "libc++";
				CLANG_ENABLE_MODULES = YES;
				CLANG_ENABLE_OBJC_ARC = YES;
				CLANG_ENABLE_OBJC_WEAK = YES;
				CLANG_WARN_BLOCK_CAPTURE_AUTORELEASING = YES;
				CLANG_WARN_BOOL_CONVERSION = YES;
				CLANG_WARN_COMMA = YES;
				CLANG_WARN_CONSTANT_CONVERSION = YES;
				CLANG_WARN_DEPRECATED_OBJC_IMPLEMENTATIONS = YES;
				CLANG_WARN_DIRECT_OBJC_ISA_USAGE = YES_ERROR;
				CLANG_WARN_DOCUMENTATION_COMMENTS = YES;
				CLANG_WARN_EMPTY_BODY = YES;
				CLANG_WARN_ENUM_CONVERSION = YES;
				CLANG_WARN_INFINITE_RECURSION = YES;
				CLANG_WARN_INT_CONVERSION = YES;
				CLANG_WARN_NON_LITERAL_NULL_CONVERSION = YES;
				CLANG_WARN_OBJC_IMPLICIT_RETAIN_SELF = YES;
				CLANG_WARN_OBJC_LITERAL_CONVERSION = YES;
				CLANG_WARN_OBJC_ROOT_CLASS = YES_ERROR;
				CLANG_WARN_RANGE_LOOP_ANALYSIS = YES;
				CLANG_WARN_STRICT_PROTOTYPES = YES;
				CLANG_WARN_SUSPICIOUS_MOVE = YES;
				CLANG_WARN_UNGUARDED_AVAILABILITY = YES_AGGRESSIVE;
				CLANG_WARN_UNREACHABLE_CODE = YES;
				CLANG_WARN__DUPLICATE_METHOD_MATCH = YES;
				CODE_SIGN_IDENTITY = "iPhone Developer";
				COPY_PHASE_STRIP = NO;
				DEBUG_INFORMATION_FORMAT = "dwarf-with-dsym";
				ENABLE_NS_ASSERTIONS = NO;
				ENABLE_STRICT_OBJC_MSGSEND = YES;
				GCC_C_LANGUAGE_STANDARD = gnu11;
				GCC_NO_COMMON_BLOCKS = YES;
				GCC_WARN_64_TO_32_BIT_CONVERSION = YES;
				GCC_WARN_ABOUT_RETURN_TYPE = YES_ERROR;
				GCC_WARN_UNDECLARED_SELECTOR = YES;
				GCC_WARN_UNINITIALIZED_AUTOS = YES_AGGRESSIVE;
				GCC_WARN_UNUSED_FUNCTION = YES;
				GCC_WARN_UNUSED_VARIABLE = YES;
				IPHONEOS_DEPLOYMENT_TARGET = 11.4;
				MTL_ENABLE_DEBUG_INFO = NO;
				SDKROOT = iphoneos;
				VALIDATE_PRODUCT = YES;
			};
			name = Release;
		};
		F1DBB96F21114BBE001148BB /* Debug */ = {
			isa = XCBuildConfiguration;
			buildSettings = {
				ASSETCATALOG_COMPILER_APPICON_NAME = AppIcon;
				CODE_SIGN_STYLE = Automatic;
				INFOPLIST_FILE = iosConfusionTest/Info.plist;
				LD_RUNPATH_SEARCH_PATHS = (
					"$(inherited)",
					"@executable_path/Frameworks",
				);
				PRODUCT_BUNDLE_IDENTIFIER = com.chencheng.guo.iosConfusionTest;
				PRODUCT_NAME = "$(TARGET_NAME)";
				TARGETED_DEVICE_FAMILY = "1,2";
			};
			name = Debug;
		};
		F1DBB97021114BBE001148BB /* Release */ = {
			isa = XCBuildConfiguration;
			buildSettings = {
				ASSETCATALOG_COMPILER_APPICON_NAME = AppIcon;
				CODE_SIGN_STYLE = Automatic;
				INFOPLIST_FILE = iosConfusionTest/Info.plist;
				LD_RUNPATH_SEARCH_PATHS = (
					"$(inherited)",
					"@executable_path/Frameworks",
				);
				PRODUCT_BUNDLE_IDENTIFIER = com.chencheng.guo.iosConfusionTest;
				PRODUCT_NAME = "$(TARGET_NAME)";
				TARGETED_DEVICE_FAMILY = "1,2";
			};
			name = Release;
		};
/* End XCBuildConfiguration section */

/* Begin XCConfigurationList section */
		F1DBB95021114BBA001148BB /* Build configuration list for PBXProject "iosConfusionTest" */ = {
			isa = XCConfigurationList;
			buildConfigurations = (
				F1DBB96C21114BBE001148BB /* Debug */,
				F1DBB96D21114BBE001148BB /* Release */,
			);
			defaultConfigurationIsVisible = 0;
			defaultConfigurationName = Release;
		};
		F1DBB96E21114BBE001148BB /* Build configuration list for PBXNativeTarget "iosConfusionTest" */ = {
			isa = XCConfigurationList;
			buildConfigurations = (
				F1DBB96F21114BBE001148BB /* Debug */,
				F1DBB97021114BBE001148BB /* Release */,
			);
			defaultConfigurationIsVisible = 0;
			defaultConfigurationName = Release;
		};
/* End XCConfigurationList section */

/* Begin XCVersionGroup section */
		F1DBB96121114BBA001148BB /* iosConfusionTest.xcdatamodeld */ = {
			isa = XCVersionGroup;
			children = (
				F1DBB96221114BBA001148BB /* iosConfusionTest.xcdatamodel */,
			);
			currentVersion = F1DBB96221114BBA001148BB /* iosConfusionTest.xcdatamodel */;
			path = iosConfusionTest.xcdatamodeld;
			sourceTree = "<group>";
			versionGroupType = wrapper.xcdatamodel;
		};
/* End XCVersionGroup section */
	};
	rootObject = F1DBB94D21114BBA001148BB /* Project object */;
}
